
Microsoft Visual Studio Solution File, Format Version 12.00
# Visual Studio Version 17
VisualStudioVersion = 17.8.34309.116
MinimumVisualStudioVersion = 10.0.40219.1
Project("{FAE04EC0-301F-11D3-BF4B-00C04F79EFBC}") = "LantekCodingChallenge", "LantekCodingChallenge.csproj", "{83749587-2085-4F7F-BFF3-F557F3659BE8}"
EndProject
Global
	GlobalSection(SolutionConfigurationPlatforms) = preSolution
		Debug|Any CPU = Debug|Any CPU
		Release|Any CPU = Release|Any CPU
	EndGlobalSection
	GlobalSection(ProjectConfigurationPlatforms) = postSolution
		{83749587-2085-4F7F-BFF3-F557F3659BE8}.Debug|Any CPU.ActiveCfg = Debug|Any CPU
		{83749587-2085-4F7F-BFF3-F557F3659BE8}.Debug|Any CPU.Build.0 = Debug|Any CPU
		{83749587-2085-4F7F-BFF3-F557F3659BE8}.Release|Any CPU.ActiveCfg = Release|Any CPU
		{83749587-2085-4F7F-BFF3-F557F3659BE8}.Release|Any CPU.Build.0 = Release|Any CPU
	EndGlobalSection
	GlobalSection(SolutionProperties) = preSolution
		HideSolutionNode = FALSE
	EndGlobalSection
	GlobalSection(ExtensibilityGlobals) = postSolution
		SolutionGuid = {766BD16D-A855-4491-8C91-F1F51E61FEEA}
	EndGlobalSection
EndGlobal
